
Microsoft Visual Studio Solution File, Format Version 12.00
# Visual Studio 14
VisualStudioVersion = 14.0.24720.0
MinimumVisualStudioVersion = 10.0.40219.1
Project("{FAE04EC0-301F-11D3-BF4B-00C04F79EFBC}") = "MessageBoard", "MessageBoard\MessageBoard.csproj", "{30DBD475-301B-4E01-BA05-D6A7D1197E11}"
EndProject
Project("{2150E333-8FDC-42A3-9474-1A3956D46DE8}") = "Solution Items", "Solution Items", "{02C01EAB-B8AD-4171-8A91-2BF2861265F2}"
	ProjectSection(SolutionItems) = preProject
		WebEssentials2015-Settings.json = WebEssentials2015-Settings.json
	EndProjectSection
EndProject
Global
	GlobalSection(SolutionConfigurationPlatforms) = preSolution
		Debug|Any CPU = Debug|Any CPU
		Release|Any CPU = Release|Any CPU
	EndGlobalSection
	GlobalSection(ProjectConfigurationPlatforms) = postSolution
		{30DBD475-301B-4E01-BA05-D6A7D1197E11}.Debug|Any CPU.ActiveCfg = Debug|Any CPU
		{30DBD475-301B-4E01-BA05-D6A7D1197E11}.Debug|Any CPU.Build.0 = Debug|Any CPU
		{30DBD475-301B-4E01-BA05-D6A7D1197E11}.Release|Any CPU.ActiveCfg = Release|Any CPU
		{30DBD475-301B-4E01-BA05-D6A7D1197E11}.Release|Any CPU.Build.0 = Release|Any CPU
	EndGlobalSection
	GlobalSection(SolutionProperties) = preSolution
		HideSolutionNode = FALSE
	EndGlobalSection
EndGlobal
